
Microsoft Visual Studio Solution File, Format Version 12.00
# Visual Studio Version 16
VisualStudioVersion = 16.0.30804.86
MinimumVisualStudioVersion = 10.0.40219.1
Project("{FAE04EC0-301F-11D3-BF4B-00C04F79EFBC}") = "SongsRazor", "SongsRazor.csproj", "{8A4F6071-F79A-47E4-B4D8-DCC59C30DECD}"
EndProject
Global
	GlobalSection(SolutionConfigurationPlatforms) = preSolution
		Debug|Any CPU = Debug|Any CPU
		Release|Any CPU = Release|Any CPU
	EndGlobalSection
	GlobalSection(ProjectConfigurationPlatforms) = postSolution
		{8A4F6071-F79A-47E4-B4D8-DCC59C30DECD}.Debug|Any CPU.ActiveCfg = Debug|Any CPU
		{8A4F6071-F79A-47E4-B4D8-DCC59C30DECD}.Debug|Any CPU.Build.0 = Debug|Any CPU
		{8A4F6071-F79A-47E4-B4D8-DCC59C30DECD}.Release|Any CPU.ActiveCfg = Release|Any CPU
		{8A4F6071-F79A-47E4-B4D8-DCC59C30DECD}.Release|Any CPU.Build.0 = Release|Any CPU
	EndGlobalSection
	GlobalSection(SolutionProperties) = preSolution
		HideSolutionNode = FALSE
	EndGlobalSection
	GlobalSection(ExtensibilityGlobals) = postSolution
		SolutionGuid = {8497A8EF-0C62-453C-A46B-817163BF1A40}
	EndGlobalSection
EndGlobal
